
Microsoft Visual Studio Solution File, Format Version 12.00
# Visual Studio Version 16
VisualStudioVersion = 16.0.29806.167
MinimumVisualStudioVersion = 10.0.40219.1
Project("{9A19103F-16F7-4668-BE54-9A1E7A4F7556}") = "Celerik.NetCore.Services", "Celerik.NetCore.Services\Celerik.NetCore.Services.csproj", "{C40BAD83-0C13-4AF0-9167-886BC4C171BF}"
EndProject
Project("{9A19103F-16F7-4668-BE54-9A1E7A4F7556}") = "Celerik.NetCore.Services.Test", "Celerik.NetCore.Services.Test\Celerik.NetCore.Services.Test.csproj", "{0F6B3736-5C38-47A1-93AA-93C1C901701D}"
EndProject
Project("{2150E333-8FDC-42A3-9474-1A3956D46DE8}") = "Solution Items", "Solution Items", "{11F0588D-0C5F-4B03-8A6F-821A10739ED2}"
	ProjectSection(SolutionItems) = preProject
		.editorconfig = .editorconfig
		.gitattributes = .gitattributes
		.gitignore = .gitignore
	EndProjectSection
EndProject
Global
	GlobalSection(SolutionConfigurationPlatforms) = preSolution
		Debug|Any CPU = Debug|Any CPU
		Release|Any CPU = Release|Any CPU
	EndGlobalSection
	GlobalSection(ProjectConfigurationPlatforms) = postSolution
		{C40BAD83-0C13-4AF0-9167-886BC4C171BF}.Debug|Any CPU.ActiveCfg = Debug|Any CPU
		{C40BAD83-0C13-4AF0-9167-886BC4C171BF}.Debug|Any CPU.Build.0 = Debug|Any CPU
		{C40BAD83-0C13-4AF0-9167-886BC4C171BF}.Release|Any CPU.ActiveCfg = Release|Any CPU
		{C40BAD83-0C13-4AF0-9167-886BC4C171BF}.Release|Any CPU.Build.0 = Release|Any CPU
		{0F6B3736-5C38-47A1-93AA-93C1C901701D}.Debug|Any CPU.ActiveCfg = Debug|Any CPU
		{0F6B3736-5C38-47A1-93AA-93C1C901701D}.Debug|Any CPU.Build.0 = Debug|Any CPU
		{0F6B3736-5C38-47A1-93AA-93C1C901701D}.Release|Any CPU.ActiveCfg = Release|Any CPU
		{0F6B3736-5C38-47A1-93AA-93C1C901701D}.Release|Any CPU.Build.0 = Release|Any CPU
	EndGlobalSection
	GlobalSection(SolutionProperties) = preSolution
		HideSolutionNode = FALSE
	EndGlobalSection
	GlobalSection(ExtensibilityGlobals) = postSolution
		SolutionGuid = {C7A22199-ADBF-4C5A-AD51-691CFFE2E5FD}
	EndGlobalSection
EndGlobal
